
Microsoft Visual Studio Solution File, Format Version 12.00
# Visual Studio Version 17
VisualStudioVersion = 17.4.33403.182
MinimumVisualStudioVersion = 10.0.40219.1
Project("{FAE04EC0-301F-11D3-BF4B-00C04F79EFBC}") = "ADPasswordChanger", "ADPasswordChanger\ADPasswordChanger.csproj", "{56D5D79C-32A0-4984-ACFE-227DBAA2FA75}"
EndProject
Global
	GlobalSection(SolutionConfigurationPlatforms) = preSolution
		Debug|Any CPU = Debug|Any CPU
		Release|Any CPU = Release|Any CPU
	EndGlobalSection
	GlobalSection(ProjectConfigurationPlatforms) = postSolution
		{56D5D79C-32A0-4984-ACFE-227DBAA2FA75}.Debug|Any CPU.ActiveCfg = Debug|Any CPU
		{56D5D79C-32A0-4984-ACFE-227DBAA2FA75}.Debug|Any CPU.Build.0 = Debug|Any CPU
		{56D5D79C-32A0-4984-ACFE-227DBAA2FA75}.Release|Any CPU.ActiveCfg = Release|Any CPU
		{56D5D79C-32A0-4984-ACFE-227DBAA2FA75}.Release|Any CPU.Build.0 = Release|Any CPU
	EndGlobalSection
	GlobalSection(SolutionProperties) = preSolution
		HideSolutionNode = FALSE
	EndGlobalSection
	GlobalSection(ExtensibilityGlobals) = postSolution
		SolutionGuid = {60E92B76-EC18-41C1-A2DB-34471867CD9A}
	EndGlobalSection
EndGlobal
